// !$*UTF8*$!
{
	archiveVersion = 1;
	classes = {
	};
	objectVersion = 50;
	objects = {

/* Begin PBXBuildFile section */
		A80591872892C5EF0023DDD5 /* bedrock.mm in Sources */ = {isa = PBXBuildFile; fileRef = A80591862892C5EF0023DDD5 /* bedrock.mm */; };
		A80591892892C5F00023DDD5 /* Assets.xcassets in Resources */ = {isa = PBXBuildFile; fileRef = A80591882892C5F00023DDD5 /* Assets.xcassets */; };
		A805918C2892C5F00023DDD5 /* MainMenu.xib in Resources */ = {isa = PBXBuildFile; fileRef = A805918A2892C5F00023DDD5 /* MainMenu.xib */; };
		A80591A32892CA1D0023DDD5 /* Cocoa.framework in Frameworks */ = {isa = PBXBuildFile; fileRef = A80591A22892CA1D0023DDD5 /* Cocoa.framework */; };
		A80E190429184E250002ED80 /* bedrockProject.cpp in Sources */ = {isa = PBXBuildFile; fileRef = A8E64E6629184CBD00C2E6C2 /* bedrockProject.cpp */; };
		A80E191529184E7B0002ED80 /* bedrockProject.h in Headers */ = {isa = PBXBuildFile; fileRef = A8E64E6529184CBD00C2E6C2 /* bedrockProject.h */; };
		A80E191629184E7B0002ED80 /* projectObject.h in Headers */ = {isa = PBXBuildFile; fileRef = A8E64E6829184CBD00C2E6C2 /* projectObject.h */; };
		A80E191929184E800002ED80 /* bedrockTask.cpp in Sources */ = {isa = PBXBuildFile; fileRef = A8E64E6A29184CBD00C2E6C2 /* bedrockTask.cpp */; };
		A80E191A29184E800002ED80 /* bedrockTask.h in Headers */ = {isa = PBXBuildFile; fileRef = A8E64E6B29184CBD00C2E6C2 /* bedrockTask.h */; };
		A80E191C29184E8D0002ED80 /* api.h in Headers */ = {isa = PBXBuildFile; fileRef = A8E64E6329184CBD00C2E6C2 /* api.h */; };
		A80E191D29184E8D0002ED80 /* api.mm in Sources */ = {isa = PBXBuildFile; fileRef = A8E64E6229184CBD00C2E6C2 /* api.mm */; };
		A829459328BFE271009DE511 /* build.jpeg in Resources */ = {isa = PBXBuildFile; fileRef = A829459228BFE271009DE511 /* build.jpeg */; };
		A82AFDB82893095D00FACC18 /* project.xib in Resources */ = {isa = PBXBuildFile; fileRef = A82AFDB72893095D00FACC18 /* project.xib */; };
		A85A6E692899BE0400537908 /* cell.xib in Resources */ = {isa = PBXBuildFile; fileRef = A85A6E682899BE0400537908 /* cell.xib */; };
		A85A6E722899D12600537908 /* cellView.mm in Sources */ = {isa = PBXBuildFile; fileRef = A85A6E712899D12600537908 /* cellView.mm */; };
		A86A8756292D0CB1004C930B /* utilities.h in Headers */ = {isa = PBXBuildFile; fileRef = A86A8754292D0CB1004C930B /* utilities.h */; };
		A86A8757292D0CB1004C930B /* utilities.cpp in Sources */ = {isa = PBXBuildFile; fileRef = A86A8755292D0CB1004C930B /* utilities.cpp */; };
		A86D6B70293112ED000E7FE1 /* jobQueue.cpp in Sources */ = {isa = PBXBuildFile; fileRef = A86D6B6E293112ED000E7FE1 /* jobQueue.cpp */; };
		A86D6B71293112ED000E7FE1 /* jobQueue.h in Headers */ = {isa = PBXBuildFile; fileRef = A86D6B6F293112ED000E7FE1 /* jobQueue.h */; };
		A86D6B79293248AF000E7FE1 /* projectQueue.mm in Sources */ = {isa = PBXBuildFile; fileRef = A86D6B77293248AF000E7FE1 /* projectQueue.mm */; };
		A86D6B8C293263E1000E7FE1 /* interface.mm in Sources */ = {isa = PBXBuildFile; fileRef = A86D6B87293262E5000E7FE1 /* interface.mm */; };
		A8A4E9F9291E8FEE00FD8EB8 /* readme.txt in Resources */ = {isa = PBXBuildFile; fileRef = A8A4E9F8291E8FEE00FD8EB8 /* readme.txt */; };
		A8A4EA07291E9CA600FD8EB8 /* compiler in Resources */ = {isa = PBXBuildFile; fileRef = A8A4EA06291E9CA600FD8EB8 /* compiler */; };
		A8A4EA0E291E9D0100FD8EB8 /* linker in Resources */ = {isa = PBXBuildFile; fileRef = A8A4EA0C291E9D0100FD8EB8 /* linker */; };
		A8A4EA18291F147700FD8EB8 /* bedrock_import in Resources */ = {isa = PBXBuildFile; fileRef = A8A4EA16291F147700FD8EB8 /* bedrock_import */; };
		A8A4EA19291F147700FD8EB8 /* archiver in Resources */ = {isa = PBXBuildFile; fileRef = A8A4EA17291F147700FD8EB8 /* archiver */; };
		A8A4EA1D291F148200FD8EB8 /* bedrock_import in CopyFiles */ = {isa = PBXBuildFile; fileRef = A8A4EA16291F147700FD8EB8 /* bedrock_import */; };
		A8A4EA2129204A4B00FD8EB8 /* assembler in Resources */ = {isa = PBXBuildFile; fileRef = A8A4EA2029204A4B00FD8EB8 /* assembler */; };
		A8A4EA26292055B800FD8EB8 /* fortran in Resources */ = {isa = PBXBuildFile; fileRef = A8A4EA25292055B800FD8EB8 /* fortran */; };
		A8CC06402895BE8A00C0D2B8 /* splashDragon.png in Resources */ = {isa = PBXBuildFile; fileRef = A8CC063F2895BE8A00C0D2B8 /* splashDragon.png */; };
		A8CC06442895C1A300C0D2B8 /* splashGears.png in Resources */ = {isa = PBXBuildFile; fileRef = A8CC06432895C1A300C0D2B8 /* splashGears.png */; };
		A8CC06512895D64B00C0D2B8 /* workspace.mm in Sources */ = {isa = PBXBuildFile; fileRef = A8CC06502895D64B00C0D2B8 /* workspace.mm */; };
		A8CC066C2895E1B900C0D2B8 /* libplugin.dylib in Frameworks */ = {isa = PBXBuildFile; fileRef = A8CC065D2895E10800C0D2B8 /* libplugin.dylib */; };
		A8CC066D2895E1B900C0D2B8 /* libplugin.dylib in Embed Libraries */ = {isa = PBXBuildFile; fileRef = A8CC065D2895E10800C0D2B8 /* libplugin.dylib */; settings = {ATTRIBUTES = (CodeSignOnCopy, ); }; };
		A8CC06752895E21500C0D2B8 /* Cocoa.framework in Frameworks */ = {isa = PBXBuildFile; fileRef = A80591A22892CA1D0023DDD5 /* Cocoa.framework */; };
		A8CC06812895E28200C0D2B8 /* libplugin.dylib in Frameworks */ = {isa = PBXBuildFile; fileRef = A8CC065D2895E10800C0D2B8 /* libplugin.dylib */; };
		A8CC06822895E28200C0D2B8 /* libplugin.dylib in Embed Libraries */ = {isa = PBXBuildFile; fileRef = A8CC065D2895E10800C0D2B8 /* libplugin.dylib */; settings = {ATTRIBUTES = (CodeSignOnCopy, ); }; };
		A8CC068C2896C72600C0D2B8 /* projectView.mm in Sources */ = {isa = PBXBuildFile; fileRef = A8CC068B2896C72600C0D2B8 /* projectView.mm */; };
		A8CC06902896C7FB00C0D2B8 /* Cocoa.framework in Frameworks */ = {isa = PBXBuildFile; fileRef = A80591A22892CA1D0023DDD5 /* Cocoa.framework */; };
		A8E2EAA3292E60050043C470 /* projectObject.cpp in Sources */ = {isa = PBXBuildFile; fileRef = A8E64E6729184CBD00C2E6C2 /* projectObject.cpp */; };
		A8E2EAC3292EC1AA0043C470 /* uuid.cpp in Sources */ = {isa = PBXBuildFile; fileRef = A8E2EA8E292E55110043C470 /* uuid.cpp */; };
		A8FDDFC32892CF8D00AB7629 /* pluginManager.mm in Sources */ = {isa = PBXBuildFile; fileRef = A8FDDFC22892CF8D00AB7629 /* pluginManager.mm */; };
		A8FDDFE02892DAA300AB7629 /* workspaces.bedrock in CopyFiles */ = {isa = PBXBuildFile; fileRef = A8FDDFA72892CCF600AB7629 /* workspaces.bedrock */; settings = {ATTRIBUTES = (CodeSignOnCopy, RemoveHeadersOnCopy, ); }; };
/* End PBXBuildFile section */

/* Begin PBXContainerItemProxy section */
		A8CC066E2895E1B900C0D2B8 /* PBXContainerItemProxy */ = {
			isa = PBXContainerItemProxy;
			containerPortal = A805917A2892C5EF0023DDD5 /* Project object */;
			proxyType = 1;
			remoteGlobalIDString = A8CC065C2895E10800C0D2B8;
			remoteInfo = plugin;
		};
		A8CC06782895E22200C0D2B8 /* PBXContainerItemProxy */ = {
			isa = PBXContainerItemProxy;
			containerPortal = A805917A2892C5EF0023DDD5 /* Project object */;
			proxyType = 1;
			remoteGlobalIDString = A8CC065C2895E10800C0D2B8;
			remoteInfo = plugin;
		};
		A8FDDFDD2892DA9100AB7629 /* PBXContainerItemProxy */ = {
			isa = PBXContainerItemProxy;
			containerPortal = A805917A2892C5EF0023DDD5 /* Project object */;
			proxyType = 1;
			remoteGlobalIDString = A8FDDFA62892CCF600AB7629;
			remoteInfo = workspaces;
		};
/* End PBXContainerItemProxy section */

/* Begin PBXCopyFilesBuildPhase section */
		A8CC06702895E1B900C0D2B8 /* Embed Libraries */ = {
			isa = PBXCopyFilesBuildPhase;
			buildActionMask = 2147483647;
			dstPath = "";
			dstSubfolderSpec = 10;
			files = (
				A8CC066D2895E1B900C0D2B8 /* libplugin.dylib in Embed Libraries */,
			);
			name = "Embed Libraries";
			runOnlyForDeploymentPostprocessing = 0;
		};
		A8CC06852895E28300C0D2B8 /* Embed Libraries */ = {
			isa = PBXCopyFilesBuildPhase;
			buildActionMask = 2147483647;
			dstPath = "";
			dstSubfolderSpec = 10;
			files = (
				A8CC06822895E28200C0D2B8 /* libplugin.dylib in Embed Libraries */,
			);
			name = "Embed Libraries";
			runOnlyForDeploymentPostprocessing = 0;
		};
		A8E64E3E291805EF00C2E6C2 /* CopyFiles */ = {
			isa = PBXCopyFilesBuildPhase;
			buildActionMask = 2147483647;
			dstPath = bin;
			dstSubfolderSpec = 16;
			files = (
				A8A4EA1D291F148200FD8EB8 /* bedrock_import in CopyFiles */,
			);
			runOnlyForDeploymentPostprocessing = 0;
		};
		A8FDDFDF2892DA9B00AB7629 /* CopyFiles */ = {
			isa = PBXCopyFilesBuildPhase;
			buildActionMask = 2147483647;
			dstPath = "";
			dstSubfolderSpec = 13;
			files = (
				A8FDDFE02892DAA300AB7629 /* workspaces.bedrock in CopyFiles */,
			);
			runOnlyForDeploymentPostprocessing = 0;
		};
/* End PBXCopyFilesBuildPhase section */

/* Begin PBXFileReference section */
		A80591822892C5EF0023DDD5 /* bedrock.app */ = {isa = PBXFileReference; explicitFileType = wrapper.application; includeInIndex = 0; path = bedrock.app; sourceTree = BUILT_PRODUCTS_DIR; };
		A80591852892C5EF0023DDD5 /* bedrock.h */ = {isa = PBXFileReference; lastKnownFileType = sourcecode.c.h; path = bedrock.h; sourceTree = "<group>"; };
		A80591862892C5EF0023DDD5 /* bedrock.mm */ = {isa = PBXFileReference; lastKnownFileType = sourcecode.cpp.objcpp; path = bedrock.mm; sourceTree = "<group>"; };
		A80591882892C5F00023DDD5 /* Assets.xcassets */ = {isa = PBXFileReference; lastKnownFileType = folder.assetcatalog; path = Assets.xcassets; sourceTree = "<group>"; };
		A805918B2892C5F00023DDD5 /* Base */ = {isa = PBXFileReference; lastKnownFileType = file.xib; name = Base; path = Base.lproj/MainMenu.xib; sourceTree = "<group>"; };
		A805918D2892C5F00023DDD5 /* Info.plist */ = {isa = PBXFileReference; lastKnownFileType = text.plist.xml; path = Info.plist; sourceTree = "<group>"; };
		A80591902892C5F00023DDD5 /* bedrock.entitlements */ = {isa = PBXFileReference; lastKnownFileType = text.plist.entitlements; path = bedrock.entitlements; sourceTree = "<group>"; };
		A80591A22892CA1D0023DDD5 /* Cocoa.framework */ = {isa = PBXFileReference; lastKnownFileType = wrapper.framework; name = Cocoa.framework; path = System/Library/Frameworks/Cocoa.framework; sourceTree = SDKROOT; };
		A829459228BFE271009DE511 /* build.jpeg */ = {isa = PBXFileReference; lastKnownFileType = image.jpeg; path = build.jpeg; sourceTree = "<group>"; };
		A82AFDB72893095D00FACC18 /* project.xib */ = {isa = PBXFileReference; lastKnownFileType = file.xib; path = project.xib; sourceTree = "<group>"; };
		A84DF75E292FC628002B2B7B /* libcurses.tbd */ = {isa = PBXFileReference; lastKnownFileType = "sourcecode.text-based-dylib-definition"; name = libcurses.tbd; path = usr/lib/libcurses.tbd; sourceTree = SDKROOT; };
		A84DF7CF292FDD44002B2B7B /* libz.tbd */ = {isa = PBXFileReference; lastKnownFileType = "sourcecode.text-based-dylib-definition"; name = libz.tbd; path = usr/lib/libz.tbd; sourceTree = SDKROOT; };
		A85A6E682899BE0400537908 /* cell.xib */ = {isa = PBXFileReference; lastKnownFileType = file.xib; path = cell.xib; sourceTree = "<group>"; };
		A85A6E702899D12600537908 /* cellView.h */ = {isa = PBXFileReference; lastKnownFileType = sourcecode.c.h; path = cellView.h; sourceTree = "<group>"; };
		A85A6E712899D12600537908 /* cellView.mm */ = {isa = PBXFileReference; lastKnownFileType = sourcecode.cpp.objcpp; path = cellView.mm; sourceTree = "<group>"; };
		A86A8754292D0CB1004C930B /* utilities.h */ = {isa = PBXFileReference; lastKnownFileType = sourcecode.c.h; path = utilities.h; sourceTree = "<group>"; };
		A86A8755292D0CB1004C930B /* utilities.cpp */ = {isa = PBXFileReference; lastKnownFileType = sourcecode.cpp.cpp; path = utilities.cpp; sourceTree = "<group>"; };
		A86D6B6E293112ED000E7FE1 /* jobQueue.cpp */ = {isa = PBXFileReference; lastKnownFileType = sourcecode.cpp.cpp; path = jobQueue.cpp; sourceTree = "<group>"; };
		A86D6B6F293112ED000E7FE1 /* jobQueue.h */ = {isa = PBXFileReference; lastKnownFileType = sourcecode.c.h; path = jobQueue.h; sourceTree = "<group>"; };
		A86D6B77293248AF000E7FE1 /* projectQueue.mm */ = {isa = PBXFileReference; lastKnownFileType = sourcecode.cpp.objcpp; path = projectQueue.mm; sourceTree = "<group>"; };
		A86D6B78293248AF000E7FE1 /* projectQueue.h */ = {isa = PBXFileReference; lastKnownFileType = sourcecode.c.h; path = projectQueue.h; sourceTree = "<group>"; };
		A86D6B7C29324B52000E7FE1 /* quiQueue.h */ = {isa = PBXFileReference; lastKnownFileType = sourcecode.c.h; path = quiQueue.h; sourceTree = "<group>"; };
		A86D6B86293262E5000E7FE1 /* interface.h */ = {isa = PBXFileReference; lastKnownFileType = sourcecode.c.h; path = interface.h; sourceTree = "<group>"; };
		A86D6B87293262E5000E7FE1 /* interface.mm */ = {isa = PBXFileReference; lastKnownFileType = sourcecode.cpp.objcpp; path = interface.mm; sourceTree = "<group>"; };
		A8710202292ECDB1006DE703 /* libboost_system.a */ = {isa = PBXFileReference; lastKnownFileType = archive.ar; path = libboost_system.a; sourceTree = "<group>"; };
		A8710203292ECDB1006DE703 /* libboost_filesystem.a */ = {isa = PBXFileReference; lastKnownFileType = archive.ar; path = libboost_filesystem.a; sourceTree = "<group>"; };
		A8710204292ECDB1006DE703 /* libboost_program_options.a */ = {isa = PBXFileReference; lastKnownFileType = archive.ar; path = libboost_program_options.a; sourceTree = "<group>"; };
		A8A4E9E5291D639600FD8EB8 /* json.hpp */ = {isa = PBXFileReference; fileEncoding = 4; lastKnownFileType = sourcecode.cpp.h; path = json.hpp; sourceTree = "<group>"; };
		A8A4E9F8291E8FEE00FD8EB8 /* readme.txt */ = {isa = PBXFileReference; lastKnownFileType = text; path = readme.txt; sourceTree = "<group>"; };
		A8A4EA06291E9CA600FD8EB8 /* compiler */ = {isa = PBXFileReference; fileEncoding = 4; lastKnownFileType = text; path = compiler; sourceTree = "<group>"; };
		A8A4EA0C291E9D0100FD8EB8 /* linker */ = {isa = PBXFileReference; fileEncoding = 4; lastKnownFileType = text; path = linker; sourceTree = "<group>"; };
		A8A4EA14291EE1EC00FD8EB8 /* with.h */ = {isa = PBXFileReference; lastKnownFileType = sourcecode.c.h; path = with.h; sourceTree = "<group>"; };
		A8A4EA16291F147700FD8EB8 /* bedrock_import */ = {isa = PBXFileReference; fileEncoding = 4; lastKnownFileType = text.script.python; path = bedrock_import; sourceTree = "<group>"; };
		A8A4EA17291F147700FD8EB8 /* archiver */ = {isa = PBXFileReference; fileEncoding = 4; lastKnownFileType = text; path = archiver; sourceTree = "<group>"; };
		A8A4EA2029204A4B00FD8EB8 /* assembler */ = {isa = PBXFileReference; fileEncoding = 4; lastKnownFileType = text; path = assembler; sourceTree = "<group>"; };
		A8A4EA25292055B800FD8EB8 /* fortran */ = {isa = PBXFileReference; fileEncoding = 4; lastKnownFileType = text; path = fortran; sourceTree = "<group>"; };
		A8C28F0D292AD7E70051B6F1 /* libclang.dylib */ = {isa = PBXFileReference; lastKnownFileType = "compiled.mach-o.dylib"; name = libclang.dylib; path = "reference/llvm-project/cellar/11.1.0/lib/libclang.dylib"; sourceTree = "<group>"; };
		A8CC063F2895BE8A00C0D2B8 /* splashDragon.png */ = {isa = PBXFileReference; lastKnownFileType = image.png; path = splashDragon.png; sourceTree = "<group>"; };
		A8CC06432895C1A300C0D2B8 /* splashGears.png */ = {isa = PBXFileReference; lastKnownFileType = image.png; path = splashGears.png; sourceTree = "<group>"; };
		A8CC06502895D64B00C0D2B8 /* workspace.mm */ = {isa = PBXFileReference; lastKnownFileType = sourcecode.cpp.objcpp; path = workspace.mm; sourceTree = "<group>"; };
		A8CC065D2895E10800C0D2B8 /* libplugin.dylib */ = {isa = PBXFileReference; explicitFileType = "compiled.mach-o.dylib"; includeInIndex = 0; path = libplugin.dylib; sourceTree = BUILT_PRODUCTS_DIR; };
		A8CC068A2896C72600C0D2B8 /* projectView.h */ = {isa = PBXFileReference; lastKnownFileType = sourcecode.c.h; path = projectView.h; sourceTree = "<group>"; };
		A8CC068B2896C72600C0D2B8 /* projectView.mm */ = {isa = PBXFileReference; lastKnownFileType = sourcecode.cpp.objcpp; path = projectView.mm; sourceTree = "<group>"; };
		A8E2EA8E292E55110043C470 /* uuid.cpp */ = {isa = PBXFileReference; fileEncoding = 4; lastKnownFileType = sourcecode.cpp.cpp; path = uuid.cpp; sourceTree = "<group>"; };
		A8E2EA8F292E55110043C470 /* uuid.h */ = {isa = PBXFileReference; fileEncoding = 4; lastKnownFileType = sourcecode.c.h; path = uuid.h; sourceTree = "<group>"; };
		A8E2EA94292E56D20043C470 /* bedrockTypes.h */ = {isa = PBXFileReference; lastKnownFileType = sourcecode.c.h; path = bedrockTypes.h; sourceTree = "<group>"; };
		A8E2EAAE292EC0F20043C470 /* cppparser.h */ = {isa = PBXFileReference; fileEncoding = 4; lastKnownFileType = sourcecode.c.h; path = cppparser.h; sourceTree = "<group>"; };
		A8E2EAB1292EC0FC0043C470 /* libcppparser.a */ = {isa = PBXFileReference; lastKnownFileType = archive.ar; path = libcppparser.a; sourceTree = "<group>"; };
		A8E2EAB4292EC12E0043C470 /* cppobjfactory.h */ = {isa = PBXFileReference; fileEncoding = 4; lastKnownFileType = sourcecode.c.h; path = cppobjfactory.h; sourceTree = "<group>"; };
		A8E2EAB7292EC1510043C470 /* cppconst.h */ = {isa = PBXFileReference; fileEncoding = 4; lastKnownFileType = sourcecode.c.h; path = cppconst.h; sourceTree = "<group>"; };
		A8E2EAB8292EC1510043C470 /* cppast.h */ = {isa = PBXFileReference; fileEncoding = 4; lastKnownFileType = sourcecode.c.h; path = cppast.h; sourceTree = "<group>"; };
		A8E2EABC292EC1850043C470 /* cppeasyptr.h */ = {isa = PBXFileReference; fileEncoding = 4; lastKnownFileType = sourcecode.c.h; path = cppeasyptr.h; sourceTree = "<group>"; };
		A8E2EABD292EC1850043C470 /* typemodifier.h */ = {isa = PBXFileReference; fileEncoding = 4; lastKnownFileType = sourcecode.c.h; path = typemodifier.h; sourceTree = "<group>"; };
		A8E2EABE292EC1850043C470 /* string-utils.h */ = {isa = PBXFileReference; fileEncoding = 4; lastKnownFileType = sourcecode.c.h; path = "string-utils.h"; sourceTree = "<group>"; };
		A8E64E5629184CBD00C2E6C2 /* clang.h */ = {isa = PBXFileReference; lastKnownFileType = sourcecode.c.h; path = clang.h; sourceTree = "<group>"; };
		A8E64E6129184CBD00C2E6C2 /* clang.cpp */ = {isa = PBXFileReference; lastKnownFileType = sourcecode.cpp.cpp; path = clang.cpp; sourceTree = "<group>"; };
		A8E64E6229184CBD00C2E6C2 /* api.mm */ = {isa = PBXFileReference; lastKnownFileType = sourcecode.cpp.objcpp; path = api.mm; sourceTree = "<group>"; };
		A8E64E6329184CBD00C2E6C2 /* api.h */ = {isa = PBXFileReference; lastKnownFileType = sourcecode.c.h; path = api.h; sourceTree = "<group>"; };
		A8E64E6529184CBD00C2E6C2 /* bedrockProject.h */ = {isa = PBXFileReference; lastKnownFileType = sourcecode.c.h; path = bedrockProject.h; sourceTree = "<group>"; };
		A8E64E6629184CBD00C2E6C2 /* bedrockProject.cpp */ = {isa = PBXFileReference; lastKnownFileType = sourcecode.cpp.cpp; path = bedrockProject.cpp; sourceTree = "<group>"; };
		A8E64E6729184CBD00C2E6C2 /* projectObject.cpp */ = {isa = PBXFileReference; lastKnownFileType = sourcecode.cpp.cpp; path = projectObject.cpp; sourceTree = "<group>"; };
		A8E64E6829184CBD00C2E6C2 /* projectObject.h */ = {isa = PBXFileReference; lastKnownFileType = sourcecode.c.h; path = projectObject.h; sourceTree = "<group>"; };
		A8E64E6A29184CBD00C2E6C2 /* bedrockTask.cpp */ = {isa = PBXFileReference; lastKnownFileType = sourcecode.cpp.cpp; path = bedrockTask.cpp; sourceTree = "<group>"; };
		A8E64E6B29184CBD00C2E6C2 /* bedrockTask.h */ = {isa = PBXFileReference; lastKnownFileType = sourcecode.c.h; path = bedrockTask.h; sourceTree = "<group>"; };
		A8FDDFA72892CCF600AB7629 /* workspaces.bedrock */ = {isa = PBXFileReference; explicitFileType = wrapper.cfbundle; includeInIndex = 0; path = workspaces.bedrock; sourceTree = BUILT_PRODUCTS_DIR; };
		A8FDDFA92892CCF600AB7629 /* Info.plist */ = {isa = PBXFileReference; lastKnownFileType = text.plist.xml; path = Info.plist; sourceTree = "<group>"; };
		A8FDDFB52892CD6D00AB7629 /* workspace.h */ = {isa = PBXFileReference; lastKnownFileType = sourcecode.c.h; path = workspace.h; sourceTree = "<group>"; };
		A8FDDFC12892CF8D00AB7629 /* pluginManager.h */ = {isa = PBXFileReference; fileEncoding = 4; lastKnownFileType = sourcecode.c.h; path = pluginManager.h; sourceTree = "<group>"; };
		A8FDDFC22892CF8D00AB7629 /* pluginManager.mm */ = {isa = PBXFileReference; fileEncoding = 4; lastKnownFileType = sourcecode.cpp.objcpp; path = pluginManager.mm; sourceTree = "<group>"; };
		A8FDDFD32892D51300AB7629 /* Cocoa.framework */ = {isa = PBXFileReference; lastKnownFileType = wrapper.framework; name = Cocoa.framework; path = Platforms/MacOSX.platform/Developer/SDKs/MacOSX11.1.sdk/System/Library/Frameworks/Cocoa.framework; sourceTree = DEVELOPER_DIR; };
/* End PBXFileReference section */

/* Begin PBXFrameworksBuildPhase section */
		A805917F2892C5EF0023DDD5 /* Frameworks */ = {
			isa = PBXFrameworksBuildPhase;
			buildActionMask = 2147483647;
			files = (
				A80591A32892CA1D0023DDD5 /* Cocoa.framework in Frameworks */,
				A8CC06812895E28200C0D2B8 /* libplugin.dylib in Frameworks */,
			);
			runOnlyForDeploymentPostprocessing = 0;
		};
		A8CC065B2895E10800C0D2B8 /* Frameworks */ = {
			isa = PBXFrameworksBuildPhase;
			buildActionMask = 2147483647;
			files = (
				A8CC06752895E21500C0D2B8 /* Cocoa.framework in Frameworks */,
			);
			runOnlyForDeploymentPostprocessing = 0;
		};
		A8FDDFA42892CCF600AB7629 /* Frameworks */ = {
			isa = PBXFrameworksBuildPhase;
			buildActionMask = 2147483647;
			files = (
				A8CC06902896C7FB00C0D2B8 /* Cocoa.framework in Frameworks */,
				A8CC066C2895E1B900C0D2B8 /* libplugin.dylib in Frameworks */,
			);
			runOnlyForDeploymentPostprocessing = 0;
		};
/* End PBXFrameworksBuildPhase section */

/* Begin PBXGroup section */
		A80591792892C5EF0023DDD5 = {
			isa = PBXGroup;
			children = (
				A8A4E9F8291E8FEE00FD8EB8 /* readme.txt */,
				A8E64E5429184CBD00C2E6C2 /* bedrock_api */,
				A80591842892C5EF0023DDD5 /* bedrock */,
				A8FDDFA82892CCF600AB7629 /* workspaces */,
				A80591832892C5EF0023DDD5 /* Products */,
				A80591A12892CA1D0023DDD5 /* Frameworks */,
			);
			sourceTree = "<group>";
		};
		A80591832892C5EF0023DDD5 /* Products */ = {
			isa = PBXGroup;
			children = (
				A80591822892C5EF0023DDD5 /* bedrock.app */,
				A8FDDFA72892CCF600AB7629 /* workspaces.bedrock */,
				A8CC065D2895E10800C0D2B8 /* libplugin.dylib */,
			);
			name = Products;
			sourceTree = "<group>";
		};
		A80591842892C5EF0023DDD5 /* bedrock */ = {
			isa = PBXGroup;
			children = (
				A8CC063E2895BE6100C0D2B8 /* images */,
				A80591882892C5F00023DDD5 /* Assets.xcassets */,
				A805918D2892C5F00023DDD5 /* Info.plist */,
				A80591902892C5F00023DDD5 /* bedrock.entitlements */,
				A805918A2892C5F00023DDD5 /* MainMenu.xib */,
				A8FDDFC02892CF4D00AB7629 /* pluginManager */,
				A80591852892C5EF0023DDD5 /* bedrock.h */,
				A80591862892C5EF0023DDD5 /* bedrock.mm */,
			);
			path = bedrock;
			sourceTree = "<group>";
		};
		A80591A12892CA1D0023DDD5 /* Frameworks */ = {
			isa = PBXGroup;
			children = (
				A84DF7CF292FDD44002B2B7B /* libz.tbd */,
				A84DF75E292FC628002B2B7B /* libcurses.tbd */,
				A8C28F0D292AD7E70051B6F1 /* libclang.dylib */,
				A8FDDFD32892D51300AB7629 /* Cocoa.framework */,
				A80591A22892CA1D0023DDD5 /* Cocoa.framework */,
			);
			name = Frameworks;
			sourceTree = "<group>";
		};
		A829459128BFE240009DE511 /* images */ = {
			isa = PBXGroup;
			children = (
				A829459228BFE271009DE511 /* build.jpeg */,
			);
			path = images;
			sourceTree = "<group>";
		};
		A85A6E6C2899D0E300537908 /* project */ = {
			isa = PBXGroup;
			children = (
				A82AFDB72893095D00FACC18 /* project.xib */,
				A8CC068A2896C72600C0D2B8 /* projectView.h */,
				A8CC068B2896C72600C0D2B8 /* projectView.mm */,
			);
			path = project;
			sourceTree = "<group>";
		};
		A85A6E6E2899D10700537908 /* cell */ = {
			isa = PBXGroup;
			children = (
				A85A6E682899BE0400537908 /* cell.xib */,
				A85A6E702899D12600537908 /* cellView.h */,
				A85A6E712899D12600537908 /* cellView.mm */,
			);
			path = cell;
			sourceTree = "<group>";
		};
		A86A8753292D0C96004C930B /* utilities */ = {
			isa = PBXGroup;
			children = (
				A86A8754292D0CB1004C930B /* utilities.h */,
				A86A8755292D0CB1004C930B /* utilities.cpp */,
			);
			path = utilities;
			sourceTree = "<group>";
		};
		A86D6B6D293112CE000E7FE1 /* jobQueue */ = {
			isa = PBXGroup;
			children = (
				A86D6B7C29324B52000E7FE1 /* quiQueue.h */,
				A86D6B6F293112ED000E7FE1 /* jobQueue.h */,
				A86D6B6E293112ED000E7FE1 /* jobQueue.cpp */,
			);
			path = jobQueue;
			sourceTree = "<group>";
		};
		A86D6B76293247BF000E7FE1 /* projectQueue */ = {
			isa = PBXGroup;
			children = (
				A86D6B78293248AF000E7FE1 /* projectQueue.h */,
				A86D6B77293248AF000E7FE1 /* projectQueue.mm */,
			);
			path = projectQueue;
			sourceTree = "<group>";
		};
		A8CC063E2895BE6100C0D2B8 /* images */ = {
			isa = PBXGroup;
			children = (
				A8CC06432895C1A300C0D2B8 /* splashGears.png */,
				A8CC063F2895BE8A00C0D2B8 /* splashDragon.png */,
			);
			path = images;
			sourceTree = "<group>";
		};
		A8E2EA8A292E53D40043C470 /* common */ = {
			isa = PBXGroup;
			children = (
				A8E2EA8B292E54E40043C470 /* uuid */,
				A8E2EA94292E56D20043C470 /* bedrockTypes.h */,
			);
			path = common;
			sourceTree = "<group>";
		};
		A8E2EA8B292E54E40043C470 /* uuid */ = {
			isa = PBXGroup;
			children = (
				A8E2EA8E292E55110043C470 /* uuid.cpp */,
				A8E2EA8F292E55110043C470 /* uuid.h */,
			);
			path = uuid;
			sourceTree = "<group>";
		};
		A8E2EAAB292EC05D0043C470 /* cppparser */ = {
			isa = PBXGroup;
			children = (
				A8E2EAAC292EC0AF0043C470 /* include */,
				A8E2EAAD292EC0B40043C470 /* libary */,
			);
			path = cppparser;
			sourceTree = "<group>";
		};
		A8E2EAAC292EC0AF0043C470 /* include */ = {
			isa = PBXGroup;
			children = (
				A8E2EABC292EC1850043C470 /* cppeasyptr.h */,
				A8E2EABE292EC1850043C470 /* string-utils.h */,
				A8E2EABD292EC1850043C470 /* typemodifier.h */,
				A8E2EAB8292EC1510043C470 /* cppast.h */,
				A8E2EAB7292EC1510043C470 /* cppconst.h */,
				A8E2EAB4292EC12E0043C470 /* cppobjfactory.h */,
				A8E2EAAE292EC0F20043C470 /* cppparser.h */,
			);
			path = include;
			sourceTree = "<group>";
		};
		A8E2EAAD292EC0B40043C470 /* libary */ = {
			isa = PBXGroup;
			children = (
				A8710203292ECDB1006DE703 /* libboost_filesystem.a */,
				A8710204292ECDB1006DE703 /* libboost_program_options.a */,
				A8710202292ECDB1006DE703 /* libboost_system.a */,
				A8E2EAB1292EC0FC0043C470 /* libcppparser.a */,
			);
			path = libary;
			sourceTree = "<group>";
		};
		A8E64E3F2918060300C2E6C2 /* bin */ = {
			isa = PBXGroup;
			children = (
				A8A4EA17291F147700FD8EB8 /* archiver */,
				A8A4EA2029204A4B00FD8EB8 /* assembler */,
				A8A4EA16291F147700FD8EB8 /* bedrock_import */,
				A8A4EA06291E9CA600FD8EB8 /* compiler */,
				A8A4EA25292055B800FD8EB8 /* fortran */,
				A8A4EA0C291E9D0100FD8EB8 /* linker */,
			);
			path = bin;
			sourceTree = "<group>";
		};
		A8E64E5429184CBD00C2E6C2 /* bedrock_api */ = {
			isa = PBXGroup;
			children = (
				A8E2EAAB292EC05D0043C470 /* cppparser */,
				A8E2EA8A292E53D40043C470 /* common */,
				A86A8753292D0C96004C930B /* utilities */,
				A8E64E5529184CBD00C2E6C2 /* clang */,
				A86D6B6D293112CE000E7FE1 /* jobQueue */,
				A8E64E6429184CBD00C2E6C2 /* project */,
				A8E64E6929184CBD00C2E6C2 /* task */,
				A8E64E6329184CBD00C2E6C2 /* api.h */,
				A8E64E6229184CBD00C2E6C2 /* api.mm */,
				A86D6B86293262E5000E7FE1 /* interface.h */,
				A86D6B87293262E5000E7FE1 /* interface.mm */,
				A8A4EA14291EE1EC00FD8EB8 /* with.h */,
			);
			path = bedrock_api;
			sourceTree = "<group>";
		};
		A8E64E5529184CBD00C2E6C2 /* clang */ = {
			isa = PBXGroup;
			children = (
				A8E64E5629184CBD00C2E6C2 /* clang.h */,
				A8E64E6129184CBD00C2E6C2 /* clang.cpp */,
			);
			path = clang;
			sourceTree = "<group>";
		};
		A8E64E6429184CBD00C2E6C2 /* project */ = {
			isa = PBXGroup;
			children = (
				A8A4E9E5291D639600FD8EB8 /* json.hpp */,
				A8E64E6829184CBD00C2E6C2 /* projectObject.h */,
				A8E64E6729184CBD00C2E6C2 /* projectObject.cpp */,
				A8E64E6529184CBD00C2E6C2 /* bedrockProject.h */,
				A8E64E6629184CBD00C2E6C2 /* bedrockProject.cpp */,
			);
			path = project;
			sourceTree = "<group>";
		};
		A8E64E6929184CBD00C2E6C2 /* task */ = {
			isa = PBXGroup;
			children = (
				A8E64E6B29184CBD00C2E6C2 /* bedrockTask.h */,
				A8E64E6A29184CBD00C2E6C2 /* bedrockTask.cpp */,
			);
			path = task;
			sourceTree = "<group>";
		};
		A8FDDFA82892CCF600AB7629 /* workspaces */ = {
			isa = PBXGroup;
			children = (
				A8E64E3F2918060300C2E6C2 /* bin */,
				A85A6E6E2899D10700537908 /* cell */,
				A829459128BFE240009DE511 /* images */,
				A85A6E6C2899D0E300537908 /* project */,
				A86D6B76293247BF000E7FE1 /* projectQueue */,
				A8FDDFA92892CCF600AB7629 /* Info.plist */,
				A8FDDFB52892CD6D00AB7629 /* workspace.h */,
				A8CC06502895D64B00C0D2B8 /* workspace.mm */,
			);
			path = workspaces;
			sourceTree = "<group>";
		};
		A8FDDFC02892CF4D00AB7629 /* pluginManager */ = {
			isa = PBXGroup;
			children = (
				A8FDDFC12892CF8D00AB7629 /* pluginManager.h */,
				A8FDDFC22892CF8D00AB7629 /* pluginManager.mm */,
			);
			path = pluginManager;
			sourceTree = "<group>";
		};
/* End PBXGroup section */

/* Begin PBXHeadersBuildPhase section */
		A8CC06592895E10800C0D2B8 /* Headers */ = {
			isa = PBXHeadersBuildPhase;
			buildActionMask = 2147483647;
			files = (
				A80E191C29184E8D0002ED80 /* api.h in Headers */,
				A80E191629184E7B0002ED80 /* projectObject.h in Headers */,
				A86D6B71293112ED000E7FE1 /* jobQueue.h in Headers */,
				A80E191529184E7B0002ED80 /* bedrockProject.h in Headers */,
				A80E191A29184E800002ED80 /* bedrockTask.h in Headers */,
				A86A8756292D0CB1004C930B /* utilities.h in Headers */,
			);
			runOnlyForDeploymentPostprocessing = 0;
		};
/* End PBXHeadersBuildPhase section */

/* Begin PBXNativeTarget section */
		A80591812892C5EF0023DDD5 /* bedrock */ = {
			isa = PBXNativeTarget;
			buildConfigurationList = A80591932892C5F00023DDD5 /* Build configuration list for PBXNativeTarget "bedrock" */;
			buildPhases = (
				A805917E2892C5EF0023DDD5 /* Sources */,
				A805917F2892C5EF0023DDD5 /* Frameworks */,
				A80591802892C5EF0023DDD5 /* Resources */,
				A8FDDFDF2892DA9B00AB7629 /* CopyFiles */,
				A8CC06852895E28300C0D2B8 /* Embed Libraries */,
				A8E64E46291806F100C2E6C2 /* ShellScript */,
			);
			buildRules = (
			);
			dependencies = (
				A8CC06792895E22200C0D2B8 /* PBXTargetDependency */,
				A8FDDFDE2892DA9100AB7629 /* PBXTargetDependency */,
			);
			name = bedrock;
			productName = bedrock;
			productReference = A80591822892C5EF0023DDD5 /* bedrock.app */;
			productType = "com.apple.product-type.application";
		};
		A8CC065C2895E10800C0D2B8 /* plugin */ = {
			isa = PBXNativeTarget;
			buildConfigurationList = A8CC06632895E10800C0D2B8 /* Build configuration list for PBXNativeTarget "plugin" */;
			buildPhases = (
				A8CC06592895E10800C0D2B8 /* Headers */,
				A8CC065A2895E10800C0D2B8 /* Sources */,
				A8CC065B2895E10800C0D2B8 /* Frameworks */,
			);
			buildRules = (
			);
			dependencies = (
			);
			name = plugin;
			productName = plugin;
			productReference = A8CC065D2895E10800C0D2B8 /* libplugin.dylib */;
			productType = "com.apple.product-type.library.dynamic";
		};
		A8FDDFA62892CCF600AB7629 /* workspaces */ = {
			isa = PBXNativeTarget;
			buildConfigurationList = A8FDDFAC2892CCF600AB7629 /* Build configuration list for PBXNativeTarget "workspaces" */;
			buildPhases = (
				A8FDDFA32892CCF600AB7629 /* Sources */,
				A8FDDFA42892CCF600AB7629 /* Frameworks */,
				A8FDDFA52892CCF600AB7629 /* Resources */,
				A8CC06702895E1B900C0D2B8 /* Embed Libraries */,
				A8E64E3E291805EF00C2E6C2 /* CopyFiles */,
			);
			buildRules = (
			);
			dependencies = (
				A8CC066F2895E1B900C0D2B8 /* PBXTargetDependency */,
			);
			name = workspaces;
			productName = workspaces;
			productReference = A8FDDFA72892CCF600AB7629 /* workspaces.bedrock */;
			productType = "com.apple.product-type.bundle";
		};
/* End PBXNativeTarget section */

/* Begin PBXProject section */
		A805917A2892C5EF0023DDD5 /* Project object */ = {
			isa = PBXProject;
			attributes = {
				LastUpgradeCheck = 1240;
				TargetAttributes = {
					A80591812892C5EF0023DDD5 = {
						CreatedOnToolsVersion = 12.4;
					};
					A8CC065C2895E10800C0D2B8 = {
						CreatedOnToolsVersion = 12.4;
					};
					A8FDDFA62892CCF600AB7629 = {
						CreatedOnToolsVersion = 12.4;
					};
				};
			};
			buildConfigurationList = A805917D2892C5EF0023DDD5 /* Build configuration list for PBXProject "bedrock" */;
			compatibilityVersion = "Xcode 9.3";
			developmentRegion = en;
			hasScannedForEncodings = 0;
			knownRegions = (
				en,
				Base,
			);
			mainGroup = A80591792892C5EF0023DDD5;
			productRefGroup = A80591832892C5EF0023DDD5 /* Products */;
			projectDirPath = "";
			projectRoot = "";
			targets = (
				A8CC065C2895E10800C0D2B8 /* plugin */,
				A80591812892C5EF0023DDD5 /* bedrock */,
				A8FDDFA62892CCF600AB7629 /* workspaces */,
			);
		};
/* End PBXProject section */

/* Begin PBXResourcesBuildPhase section */
		A80591802892C5EF0023DDD5 /* Resources */ = {
			isa = PBXResourcesBuildPhase;
			buildActionMask = 2147483647;
			files = (
				A80591892892C5F00023DDD5 /* Assets.xcassets in Resources */,
				A805918C2892C5F00023DDD5 /* MainMenu.xib in Resources */,
				A8CC06402895BE8A00C0D2B8 /* splashDragon.png in Resources */,
				A8CC06442895C1A300C0D2B8 /* splashGears.png in Resources */,
			);
			runOnlyForDeploymentPostprocessing = 0;
		};
		A8FDDFA52892CCF600AB7629 /* Resources */ = {
			isa = PBXResourcesBuildPhase;
			buildActionMask = 2147483647;
			files = (
				A82AFDB82893095D00FACC18 /* project.xib in Resources */,
				A829459328BFE271009DE511 /* build.jpeg in Resources */,
				A8A4EA07291E9CA600FD8EB8 /* compiler in Resources */,
				A8A4EA26292055B800FD8EB8 /* fortran in Resources */,
				A8A4EA18291F147700FD8EB8 /* bedrock_import in Resources */,
				A8A4EA2129204A4B00FD8EB8 /* assembler in Resources */,
				A8A4EA19291F147700FD8EB8 /* archiver in Resources */,
				A8A4E9F9291E8FEE00FD8EB8 /* readme.txt in Resources */,
				A85A6E692899BE0400537908 /* cell.xib in Resources */,
				A8A4EA0E291E9D0100FD8EB8 /* linker in Resources */,
			);
			runOnlyForDeploymentPostprocessing = 0;
		};
/* End PBXResourcesBuildPhase section */

/* Begin PBXShellScriptBuildPhase section */
		A8E64E46291806F100C2E6C2 /* ShellScript */ = {
			isa = PBXShellScriptBuildPhase;
			buildActionMask = 2147483647;
			files = (
			);
			inputFileListPaths = (
			);
			inputPaths = (
			);
			outputFileListPaths = (
			);
			outputPaths = (
			);
			runOnlyForDeploymentPostprocessing = 0;
			shellPath = /bin/sh;
			shellScript = "mkdir -p $CODESIGNING_FOLDER_PATH/Contents/cellar/bin\ncp -r ${BUILT_PRODUCTS_DIR}/bin/* ${CODESIGNING_FOLDER_PATH}/Contents/cellar/bin\nchmod -R og-wrx ${CODESIGNING_FOLDER_PATH}/Contents/cellar/bin\n\n";
		};
/* End PBXShellScriptBuildPhase section */

/* Begin PBXSourcesBuildPhase section */
		A805917E2892C5EF0023DDD5 /* Sources */ = {
			isa = PBXSourcesBuildPhase;
			buildActionMask = 2147483647;
			files = (
				A8FDDFC32892CF8D00AB7629 /* pluginManager.mm in Sources */,
				A80591872892C5EF0023DDD5 /* bedrock.mm in Sources */,
			);
			runOnlyForDeploymentPostprocessing = 0;
		};
		A8CC065A2895E10800C0D2B8 /* Sources */ = {
			isa = PBXSourcesBuildPhase;
			buildActionMask = 2147483647;
			files = (
				A8E2EAC3292EC1AA0043C470 /* uuid.cpp in Sources */,
				A86A8757292D0CB1004C930B /* utilities.cpp in Sources */,
				A80E191D29184E8D0002ED80 /* api.mm in Sources */,
				A8E2EAA3292E60050043C470 /* projectObject.cpp in Sources */,
				A80E190429184E250002ED80 /* bedrockProject.cpp in Sources */,
				A86D6B8C293263E1000E7FE1 /* interface.mm in Sources */,
				A86D6B70293112ED000E7FE1 /* jobQueue.cpp in Sources */,
				A80E191929184E800002ED80 /* bedrockTask.cpp in Sources */,
			);
			runOnlyForDeploymentPostprocessing = 0;
		};
		A8FDDFA32892CCF600AB7629 /* Sources */ = {
			isa = PBXSourcesBuildPhase;
			buildActionMask = 2147483647;
			files = (
				A85A6E722899D12600537908 /* cellView.mm in Sources */,
				A86D6B79293248AF000E7FE1 /* projectQueue.mm in Sources */,
				A8CC068C2896C72600C0D2B8 /* projectView.mm in Sources */,
				A8CC06512895D64B00C0D2B8 /* workspace.mm in Sources */,
			);
			runOnlyForDeploymentPostprocessing = 0;
		};
/* End PBXSourcesBuildPhase section */

/* Begin PBXTargetDependency section */
		A8CC066F2895E1B900C0D2B8 /* PBXTargetDependency */ = {
			isa = PBXTargetDependency;
			target = A8CC065C2895E10800C0D2B8 /* plugin */;
			targetProxy = A8CC066E2895E1B900C0D2B8 /* PBXContainerItemProxy */;
		};
		A8CC06792895E22200C0D2B8 /* PBXTargetDependency */ = {
			isa = PBXTargetDependency;
			target = A8CC065C2895E10800C0D2B8 /* plugin */;
			targetProxy = A8CC06782895E22200C0D2B8 /* PBXContainerItemProxy */;
		};
		A8FDDFDE2892DA9100AB7629 /* PBXTargetDependency */ = {
			isa = PBXTargetDependency;
			target = A8FDDFA62892CCF600AB7629 /* workspaces */;
			targetProxy = A8FDDFDD2892DA9100AB7629 /* PBXContainerItemProxy */;
		};
/* End PBXTargetDependency section */

/* Begin PBXVariantGroup section */
		A805918A2892C5F00023DDD5 /* MainMenu.xib */ = {
			isa = PBXVariantGroup;
			children = (
				A805918B2892C5F00023DDD5 /* Base */,
			);
			name = MainMenu.xib;
			sourceTree = "<group>";
		};
/* End PBXVariantGroup section */

/* Begin XCBuildConfiguration section */
		A80591912892C5F00023DDD5 /* Debug */ = {
			isa = XCBuildConfiguration;
			buildSettings = {
				ALWAYS_SEARCH_USER_PATHS = NO;
				CLANG_ANALYZER_NONNULL = YES;
				CLANG_ANALYZER_NUMBER_OBJECT_CONVERSION = YES_AGGRESSIVE;
				CLANG_CXX_LANGUAGE_STANDARD = "gnu++14";
				CLANG_CXX_LIBRARY = "libc++";
				CLANG_ENABLE_MODULES = YES;
				CLANG_ENABLE_OBJC_ARC = YES;
				CLANG_ENABLE_OBJC_WEAK = YES;
				CLANG_WARN_BLOCK_CAPTURE_AUTORELEASING = YES;
				CLANG_WARN_BOOL_CONVERSION = YES;
				CLANG_WARN_COMMA = YES;
				CLANG_WARN_CONSTANT_CONVERSION = YES;
				CLANG_WARN_DEPRECATED_OBJC_IMPLEMENTATIONS = YES;
				CLANG_WARN_DIRECT_OBJC_ISA_USAGE = YES_ERROR;
				CLANG_WARN_DOCUMENTATION_COMMENTS = NO;
				CLANG_WARN_EMPTY_BODY = YES;
				CLANG_WARN_ENUM_CONVERSION = YES;
				CLANG_WARN_INFINITE_RECURSION = YES;
				CLANG_WARN_INT_CONVERSION = YES;
				CLANG_WARN_NON_LITERAL_NULL_CONVERSION = YES;
				CLANG_WARN_OBJC_IMPLICIT_RETAIN_SELF = YES;
				CLANG_WARN_OBJC_LITERAL_CONVERSION = YES;
				CLANG_WARN_OBJC_ROOT_CLASS = YES_ERROR;
				CLANG_WARN_QUOTED_INCLUDE_IN_FRAMEWORK_HEADER = YES;
				CLANG_WARN_RANGE_LOOP_ANALYSIS = YES;
				CLANG_WARN_STRICT_PROTOTYPES = YES;
				CLANG_WARN_SUSPICIOUS_MOVE = YES;
				CLANG_WARN_UNGUARDED_AVAILABILITY = YES_AGGRESSIVE;
				CLANG_WARN_UNREACHABLE_CODE = YES;
				CLANG_WARN__DUPLICATE_METHOD_MATCH = YES;
				COPY_PHASE_STRIP = NO;
				DEBUG_INFORMATION_FORMAT = dwarf;
				ENABLE_STRICT_OBJC_MSGSEND = YES;
				ENABLE_TESTABILITY = YES;
				GCC_C_LANGUAGE_STANDARD = gnu11;
				GCC_DYNAMIC_NO_PIC = NO;
				GCC_NO_COMMON_BLOCKS = YES;
				GCC_OPTIMIZATION_LEVEL = 0;
				GCC_PREPROCESSOR_DEFINITIONS = (
					"DEBUG=1",
					"$(inherited)",
				);
				GCC_WARN_64_TO_32_BIT_CONVERSION = YES;
				GCC_WARN_ABOUT_RETURN_TYPE = YES_ERROR;
				GCC_WARN_UNDECLARED_SELECTOR = YES;
				GCC_WARN_UNINITIALIZED_AUTOS = YES_AGGRESSIVE;
				GCC_WARN_UNUSED_FUNCTION = YES;
				GCC_WARN_UNUSED_VALUE = NO;
				GCC_WARN_UNUSED_VARIABLE = YES;
				MACOSX_DEPLOYMENT_TARGET = 10.14;
				MTL_ENABLE_DEBUG_INFO = INCLUDE_SOURCE;
				MTL_FAST_MATH = YES;
				ONLY_ACTIVE_ARCH = YES;
				SDKROOT = macosx10.14;
			};
			name = Debug;
		};
		A80591922892C5F00023DDD5 /* Release */ = {
			isa = XCBuildConfiguration;
			buildSettings = {
				ALWAYS_SEARCH_USER_PATHS = NO;
				CLANG_ANALYZER_NONNULL = YES;
				CLANG_ANALYZER_NUMBER_OBJECT_CONVERSION = YES_AGGRESSIVE;
				CLANG_CXX_LANGUAGE_STANDARD = "gnu++14";
				CLANG_CXX_LIBRARY = "libc++";
				CLANG_ENABLE_MODULES = YES;
				CLANG_ENABLE_OBJC_ARC = YES;
				CLANG_ENABLE_OBJC_WEAK = YES;
				CLANG_WARN_BLOCK_CAPTURE_AUTORELEASING = YES;
				CLANG_WARN_BOOL_CONVERSION = YES;
				CLANG_WARN_COMMA = YES;
				CLANG_WARN_CONSTANT_CONVERSION = YES;
				CLANG_WARN_DEPRECATED_OBJC_IMPLEMENTATIONS = YES;
				CLANG_WARN_DIRECT_OBJC_ISA_USAGE = YES_ERROR;
				CLANG_WARN_DOCUMENTATION_COMMENTS = NO;
				CLANG_WARN_EMPTY_BODY = YES;
				CLANG_WARN_ENUM_CONVERSION = YES;
				CLANG_WARN_INFINITE_RECURSION = YES;
				CLANG_WARN_INT_CONVERSION = YES;
				CLANG_WARN_NON_LITERAL_NULL_CONVERSION = YES;
				CLANG_WARN_OBJC_IMPLICIT_RETAIN_SELF = YES;
				CLANG_WARN_OBJC_LITERAL_CONVERSION = YES;
				CLANG_WARN_OBJC_ROOT_CLASS = YES_ERROR;
				CLANG_WARN_QUOTED_INCLUDE_IN_FRAMEWORK_HEADER = YES;
				CLANG_WARN_RANGE_LOOP_ANALYSIS = YES;
				CLANG_WARN_STRICT_PROTOTYPES = YES;
				CLANG_WARN_SUSPICIOUS_MOVE = YES;
				CLANG_WARN_UNGUARDED_AVAILABILITY = YES_AGGRESSIVE;
				CLANG_WARN_UNREACHABLE_CODE = YES;
				CLANG_WARN__DUPLICATE_METHOD_MATCH = YES;
				COPY_PHASE_STRIP = NO;
				DEBUG_INFORMATION_FORMAT = "dwarf-with-dsym";
				ENABLE_NS_ASSERTIONS = NO;
				ENABLE_STRICT_OBJC_MSGSEND = YES;
				GCC_C_LANGUAGE_STANDARD = gnu11;
				GCC_NO_COMMON_BLOCKS = YES;
				GCC_WARN_64_TO_32_BIT_CONVERSION = YES;
				GCC_WARN_ABOUT_RETURN_TYPE = YES_ERROR;
				GCC_WARN_UNDECLARED_SELECTOR = YES;
				GCC_WARN_UNINITIALIZED_AUTOS = YES_AGGRESSIVE;
				GCC_WARN_UNUSED_FUNCTION = YES;
				GCC_WARN_UNUSED_VALUE = NO;
				GCC_WARN_UNUSED_VARIABLE = YES;
				MACOSX_DEPLOYMENT_TARGET = 10.14;
				MTL_ENABLE_DEBUG_INFO = NO;
				MTL_FAST_MATH = YES;
				SDKROOT = macosx10.14;
			};
			name = Release;
		};
		A80591942892C5F00023DDD5 /* Debug */ = {
			isa = XCBuildConfiguration;
			buildSettings = {
				ASSETCATALOG_COMPILER_APPICON_NAME = AppIcon;
				ASSETCATALOG_COMPILER_GLOBAL_ACCENT_COLOR_NAME = AccentColor;
				CODE_SIGN_ENTITLEMENTS = bedrock/bedrock.entitlements;
				CODE_SIGN_IDENTITY = "-";
				CODE_SIGN_STYLE = Automatic;
				COMBINE_HIDPI_IMAGES = YES;
				DEVELOPMENT_TEAM = X5QUDAATB4;
				ENABLE_HARDENED_RUNTIME = NO;
				HEADER_SEARCH_PATHS = "\"$(SRCROOT)/bedrock_api/clang\"";
				INFOPLIST_FILE = bedrock/Info.plist;
				LD_RUNPATH_SEARCH_PATHS = (
					"$(inherited)",
					"@executable_path/../Frameworks",
				);
				PRODUCT_BUNDLE_IDENTIFIER = com.androidmedia.bedrock;
				PRODUCT_NAME = "$(TARGET_NAME)";
				USER_HEADER_SEARCH_PATHS = "\"$(SRCROOT)/bedrock_api/clang/include\"/**";
			};
			name = Debug;
		};
		A80591952892C5F00023DDD5 /* Release */ = {
			isa = XCBuildConfiguration;
			buildSettings = {
				ASSETCATALOG_COMPILER_APPICON_NAME = AppIcon;
				ASSETCATALOG_COMPILER_GLOBAL_ACCENT_COLOR_NAME = AccentColor;
				CODE_SIGN_ENTITLEMENTS = bedrock/bedrock.entitlements;
				CODE_SIGN_IDENTITY = "-";
				CODE_SIGN_STYLE = Automatic;
				COMBINE_HIDPI_IMAGES = YES;
				DEVELOPMENT_TEAM = X5QUDAATB4;
				ENABLE_HARDENED_RUNTIME = NO;
				HEADER_SEARCH_PATHS = "\"$(SRCROOT)/bedrock_api/clang\"";
				INFOPLIST_FILE = bedrock/Info.plist;
				LD_RUNPATH_SEARCH_PATHS = (
					"$(inherited)",
					"@executable_path/../Frameworks",
				);
				PRODUCT_BUNDLE_IDENTIFIER = com.androidmedia.bedrock;
				PRODUCT_NAME = "$(TARGET_NAME)";
				USER_HEADER_SEARCH_PATHS = "\"$(SRCROOT)/bedrock_api/clang/include\"/**";
			};
			name = Release;
		};
		A8CC06642895E10800C0D2B8 /* Debug */ = {
			isa = XCBuildConfiguration;
			buildSettings = {
				CODE_SIGN_STYLE = Automatic;
				DEVELOPMENT_TEAM = X5QUDAATB4;
				DYLIB_COMPATIBILITY_VERSION = 1;
				DYLIB_CURRENT_VERSION = 1;
				EXECUTABLE_PREFIX = lib;
				INSTALL_PATH = "@rpath";
				PRODUCT_NAME = "$(TARGET_NAME)";
				SKIP_INSTALL = YES;
			};
			name = Debug;
		};
		A8CC06652895E10800C0D2B8 /* Release */ = {
			isa = XCBuildConfiguration;
			buildSettings = {
				CODE_SIGN_STYLE = Automatic;
				DEVELOPMENT_TEAM = X5QUDAATB4;
				DYLIB_COMPATIBILITY_VERSION = 1;
				DYLIB_CURRENT_VERSION = 1;
				EXECUTABLE_PREFIX = lib;
				INSTALL_PATH = "@rpath";
				PRODUCT_NAME = "$(TARGET_NAME)";
				SKIP_INSTALL = YES;
			};
			name = Release;
		};
		A8FDDFAA2892CCF600AB7629 /* Debug */ = {
			isa = XCBuildConfiguration;
			buildSettings = {
				CODE_SIGN_IDENTITY = "-";
				CODE_SIGN_STYLE = Automatic;
				COMBINE_HIDPI_IMAGES = YES;
				DEVELOPMENT_TEAM = X5QUDAATB4;
				INFOPLIST_FILE = workspaces/Info.plist;
				INSTALL_PATH = "$(LOCAL_LIBRARY_DIR)/Bundles";
				PRODUCT_BUNDLE_IDENTIFIER = com.androidmedia.bedrock.workspaces;
				PRODUCT_NAME = "$(TARGET_NAME)";
				SKIP_INSTALL = YES;
				WRAPPER_EXTENSION = bedrock;
			};
			name = Debug;
		};
		A8FDDFAB2892CCF600AB7629 /* Release */ = {
			isa = XCBuildConfiguration;
			buildSettings = {
				CODE_SIGN_IDENTITY = "-";
				CODE_SIGN_STYLE = Automatic;
				COMBINE_HIDPI_IMAGES = YES;
				DEVELOPMENT_TEAM = X5QUDAATB4;
				INFOPLIST_FILE = workspaces/Info.plist;
				INSTALL_PATH = "$(LOCAL_LIBRARY_DIR)/Bundles";
				PRODUCT_BUNDLE_IDENTIFIER = com.androidmedia.bedrock.workspaces;
				PRODUCT_NAME = "$(TARGET_NAME)";
				SKIP_INSTALL = YES;
				WRAPPER_EXTENSION = bedrock;
			};
			name = Release;
		};
/* End XCBuildConfiguration section */

/* Begin XCConfigurationList section */
		A805917D2892C5EF0023DDD5 /* Build configuration list for PBXProject "bedrock" */ = {
			isa = XCConfigurationList;
			buildConfigurations = (
				A80591912892C5F00023DDD5 /* Debug */,
				A80591922892C5F00023DDD5 /* Release */,
			);
			defaultConfigurationIsVisible = 0;
			defaultConfigurationName = Release;
		};
		A80591932892C5F00023DDD5 /* Build configuration list for PBXNativeTarget "bedrock" */ = {
			isa = XCConfigurationList;
			buildConfigurations = (
				A80591942892C5F00023DDD5 /* Debug */,
				A80591952892C5F00023DDD5 /* Release */,
			);
			defaultConfigurationIsVisible = 0;
			defaultConfigurationName = Release;
		};
		A8CC06632895E10800C0D2B8 /* Build configuration list for PBXNativeTarget "plugin" */ = {
			isa = XCConfigurationList;
			buildConfigurations = (
				A8CC06642895E10800C0D2B8 /* Debug */,
				A8CC06652895E10800C0D2B8 /* Release */,
			);
			defaultConfigurationIsVisible = 0;
			defaultConfigurationName = Release;
		};
		A8FDDFAC2892CCF600AB7629 /* Build configuration list for PBXNativeTarget "workspaces" */ = {
			isa = XCConfigurationList;
			buildConfigurations = (
				A8FDDFAA2892CCF600AB7629 /* Debug */,
				A8FDDFAB2892CCF600AB7629 /* Release */,
			);
			defaultConfigurationIsVisible = 0;
			defaultConfigurationName = Release;
		};
/* End XCConfigurationList section */
	};
	rootObject = A805917A2892C5EF0023DDD5 /* Project object */;
}
